PODS:
  - Alamofire (5.8.1)
  - LuckyToolKit (0.2.4):
    - Alamofire
    - SnapKit
  - SnapKit (5.7.1)

DEPENDENCIES:
  - LuckyToolKit (from `../`)

SPEC REPOS:
  trunk:
    - Alamofire
    - SnapKit

EXTERNAL SOURCES:
  LuckyToolKit:
    :path: "../"

SPEC CHECKSUMS:
  Alamofire: 3ca42e259043ee0dc5c0cdd76c4bc568b8e42af7
  LuckyToolKit: 196dede2e635e7021b0ff13aaccbd2119583f72b
  SnapKit: d612e99e678a2d3b95bf60b0705ed0a35c03484a

PODFILE CHECKSUM: e0880de5a891a1b8ceb11ed031a67e83f85e8a05

COCOAPODS: 1.15.2
